
Microsoft Visual Studio Solution File, Format Version 12.00
# Visual Studio Version 16
VisualStudioVersion = 16.0.30717.126
MinimumVisualStudioVersion = 10.0.40219.1
Project("{FAE04EC0-301F-11D3-BF4B-00C04F79EFBC}") = "PrimitiveLogger", "PrimitiveLogger\PrimitiveLogger.csproj", "{347E6452-CF40-43B3-8981-5202A804C11C}"
EndProject
Global
	GlobalSection(SolutionConfigurationPlatforms) = preSolution
		Debug|Any CPU = Debug|Any CPU
		Release|Any CPU = Release|Any CPU
	EndGlobalSection
	GlobalSection(ProjectConfigurationPlatforms) = postSolution
		{347E6452-CF40-43B3-8981-5202A804C11C}.Debug|Any CPU.ActiveCfg = Debug|Any CPU
		{347E6452-CF40-43B3-8981-5202A804C11C}.Debug|Any CPU.Build.0 = Debug|Any CPU
		{347E6452-CF40-43B3-8981-5202A804C11C}.Release|Any CPU.ActiveCfg = Release|Any CPU
		{347E6452-CF40-43B3-8981-5202A804C11C}.Release|Any CPU.Build.0 = Release|Any CPU
	EndGlobalSection
	GlobalSection(SolutionProperties) = preSolution
		HideSolutionNode = FALSE
	EndGlobalSection
	GlobalSection(ExtensibilityGlobals) = postSolution
		SolutionGuid = {2277C080-A2E0-4693-98E0-6034F0570E78}
	EndGlobalSection
EndGlobal
